# @generated by Move, please check-in and do not edit manually.

[move]
version = 3
manifest_digest = "37641B92AFA5BC28C798F542C88894D9056819AE3525223E43D23436D107DFC5"
deps_digest = "F8BBB0CCB2491CA29A3DF03D6F92277A4F3574266507ACD77214D37ECA3F3082"
dependencies = [
  { id = "Sui", name = "Sui" },
]

[[move.package]]
id = "MoveStdlib"
source = { git = "https://github.com/MystenLabs/sui.git", rev = "framework/testnet", subdir = "crates/sui-framework/packages/move-stdlib" }

[[move.package]]
id = "Sui"
source = { git = "https://github.com/MystenLabs/sui.git", rev = "framework/testnet", subdir = "crates/sui-framework/packages/sui-framework" }

dependencies = [
  { id = "MoveStdlib", name = "MoveStdlib" },
]

[move.toolchain-version]
compiler-version = "1.38.3"
edition = "2024.beta"
flavor = "sui"

[env]

[env.testnet]
chain-id = "4c78adac"
original-published-id = "0xcdd6abeaa0703dae6288dd831b1047f2227f2e1a7ceb9a6c3b987f81a0c58d50"
latest-published-id = "0xcdd6abeaa0703dae6288dd831b1047f2227f2e1a7ceb9a6c3b987f81a0c58d50"
published-version = "1"
