# @generated by Move, please check-in and do not edit manually.

[move]
version = 3
manifest_digest = "0AD78E4C84FD66E9C7BB4C0109DB65CE4C7EB6B9B8DDD6ACBA90D07EE2DE6036"
deps_digest = "F8BBB0CCB2491CA29A3DF03D6F92277A4F3574266507ACD77214D37ECA3F3082"
dependencies = [
  { id = "Sui", name = "Sui" },
]

[[move.package]]
id = "MoveStdlib"
source = { git = "https://github.com/MystenLabs/sui.git", rev = "framework/testnet", subdir = "crates\\sui-framework\\packages\\move-stdlib" }

[[move.package]]
id = "Sui"
source = { git = "https://github.com/MystenLabs/sui.git", rev = "framework/testnet", subdir = "crates/sui-framework/packages/sui-framework" }

dependencies = [
  { id = "MoveStdlib", name = "MoveStdlib" },
]

[move.toolchain-version]
compiler-version = "1.39.0"
edition = "2024.beta"
flavor = "sui"

[env]

[env.testnet]
chain-id = "4c78adac"
original-published-id = "0xd9092b882cfc9ab6453de7d87e8ac1f481b2534c01c964b8e15263235df95b26"
latest-published-id = "0xd9092b882cfc9ab6453de7d87e8ac1f481b2534c01c964b8e15263235df95b26"
published-version = "1"
