# @generated by Move, please check-in and do not edit manually.

[move]
version = 3
manifest_digest = "CF1F90CA013B137139F6A0A0400F09860C6F3F5E40816190347159DBD286F849"
deps_digest = "3C4103934B1E040BB6B23F1D610B4EF9F2F1166A50A104EADCF77467C004C600"
dependencies = [
  { id = "Sui", name = "Sui" },
  { id = "my_coin_faucet", name = "my_coin_faucet" },
]

[[move.package]]
id = "MoveStdlib"
source = { git = "https://github.com/MystenLabs/sui.git", rev = "framework/testnet", subdir = "crates\\sui-framework\\packages\\move-stdlib" }

[[move.package]]
id = "Sui"
source = { git = "https://github.com/MystenLabs/sui.git", rev = "framework/testnet", subdir = "crates/sui-framework/packages/sui-framework" }

dependencies = [
  { id = "MoveStdlib", name = "MoveStdlib" },
]

[[move.package]]
id = "my_coin_faucet"
source = { local = "..\\task2\\my_coin_faucet" }

dependencies = [
  { id = "Sui", name = "Sui" },
]

[move.toolchain-version]
compiler-version = "1.41.1"
edition = "2024.beta"
flavor = "sui"

[env]

[env.testnet]
chain-id = "4c78adac"
original-published-id = "0x35093c17fb74fc43dac67b137d0bc538ff0d4b83f0fd5a92b6d311ed49cd5f8d"
latest-published-id = "0x35093c17fb74fc43dac67b137d0bc538ff0d4b83f0fd5a92b6d311ed49cd5f8d"
published-version = "1"
