# @generated by Move, please check-in and do not edit manually.

[move]
version = 3
manifest_digest = "969FF2BA4D934AD394A2011640C94465740D85938E56AFDEFBE5C2406DACB69C"
deps_digest = "F8BBB0CCB2491CA29A3DF03D6F92277A4F3574266507ACD77214D37ECA3F3082"
dependencies = [
  { id = "Sui", name = "Sui" },
]

[[move.package]]
id = "MoveStdlib"
source = { git = "https://github.com/MystenLabs/sui.git", rev = "framework/testnet", subdir = "crates/sui-framework/packages/move-stdlib" }

[[move.package]]
id = "Sui"
source = { git = "https://github.com/MystenLabs/sui.git", rev = "framework/testnet", subdir = "crates/sui-framework/packages/sui-framework" }

dependencies = [
  { id = "MoveStdlib", name = "MoveStdlib" },
]

[move.toolchain-version]
compiler-version = "1.42.0"
edition = "2024.beta"
flavor = "sui"

[env]

[env.testnet]
chain-id = "4c78adac"
original-published-id = "0xf7f48b53a8cebeb4f39f5341f2202067eb35e59fb8f4dd8b6ba9359d1c95ce94"
latest-published-id = "0xf7f48b53a8cebeb4f39f5341f2202067eb35e59fb8f4dd8b6ba9359d1c95ce94"
published-version = "1"
