# @generated by Move, please check-in and do not edit manually.

[move]
version = 3
manifest_digest = "AE3DE00E3F53BFBDC940362930C02A8E663F7F78B31F6E914D6406C0C2B11615"
deps_digest = "F8BBB0CCB2491CA29A3DF03D6F92277A4F3574266507ACD77214D37ECA3F3082"
dependencies = [
  { id = "Sui", name = "Sui" },
]

[[move.package]]
id = "MoveStdlib"
source = { git = "https://github.com/MystenLabs/sui.git", rev = "framework/devnet", subdir = "crates/sui-framework/packages/move-stdlib" }

[[move.package]]
id = "Sui"
source = { git = "https://github.com/MystenLabs/sui.git", rev = "framework/devnet", subdir = "crates/sui-framework/packages/sui-framework" }

dependencies = [
  { id = "MoveStdlib", name = "MoveStdlib" },
]

[move.toolchain-version]
compiler-version = "1.38.3"
edition = "2024.beta"
flavor = "sui"

[env]

[env.devnet]
chain-id = "663dca31"
original-published-id = "0x77e1400464dd231b612a6b9d480a90ad794fd3259f721164f63244c051c809e0"
latest-published-id = "0x77e1400464dd231b612a6b9d480a90ad794fd3259f721164f63244c051c809e0"
published-version = "1"
