# @generated by Move, please check-in and do not edit manually.

[move]
version = 3
manifest_digest = "39041E2F606C47BFD088F50F4805457D2C9B8B543AF8432CBD08EED1AF26E4D1"
deps_digest = "060AD7E57DFB13104F21BE5F5C3759D03F0553FC3229247D9A7A6B45F50D03A3"
dependencies = [
  { id = "Sui", name = "Sui" },
  { id = "my_another_coin", name = "my_another_coin" },
  { id = "my_coin", name = "my_coin" },
]

[[move.package]]
id = "MoveStdlib"
source = { git = "https://github.com/MystenLabs/sui.git", rev = "framework/testnet", subdir = "crates\\sui-framework\\packages\\move-stdlib" }

[[move.package]]
id = "Sui"
source = { git = "https://github.com/MystenLabs/sui.git", rev = "framework/testnet", subdir = "crates/sui-framework/packages/sui-framework" }

dependencies = [
  { id = "MoveStdlib", name = "MoveStdlib" },
]

[[move.package]]
id = "my_another_coin"
source = { local = "..\\task2\\my_another_coin" }

dependencies = [
  { id = "Sui", name = "Sui" },
]

[[move.package]]
id = "my_coin"
source = { local = "..\\task2\\my_coin" }

dependencies = [
  { id = "Sui", name = "Sui" },
]

[move.toolchain-version]
compiler-version = "1.39.1"
edition = "2024.beta"
flavor = "sui"
