# @generated by Move, please check-in and do not edit manually.

[move]
version = 3
manifest_digest = "3ACC0CB7A61572F7E1D90DA53404267A8F3C6FBD3ACA3BF3916B61DEED9CE786"
deps_digest = "F8BBB0CCB2491CA29A3DF03D6F92277A4F3574266507ACD77214D37ECA3F3082"
dependencies = [
  { id = "Sui", name = "Sui" },
]

[[move.package]]
id = "MoveStdlib"
source = { git = "https://github.com/MystenLabs/sui.git", rev = "framework/testnet", subdir = "crates/sui-framework/packages/move-stdlib" }

[[move.package]]
id = "Sui"
source = { git = "https://github.com/MystenLabs/sui.git", rev = "framework/testnet", subdir = "crates/sui-framework/packages/sui-framework" }

dependencies = [
  { id = "MoveStdlib", name = "MoveStdlib" },
]

[move.toolchain-version]
compiler-version = "1.42.0"
edition = "2024.beta"
flavor = "sui"

[env]

[env.testnet]
chain-id = "4c78adac"
original-published-id = "0xf83df1c2b67403b9d8188255d57f9cb7a093d42e5bc0971b08c702da792131db"
latest-published-id = "0xf83df1c2b67403b9d8188255d57f9cb7a093d42e5bc0971b08c702da792131db"
published-version = "1"
