# @generated by Move, please check-in and do not edit manually.

[move]
version = 3
manifest_digest = "388D296DC051FBF83492E61CE2A0C69772E81848EAB76E5FCF1E2F4C88C6588D"
deps_digest = "F8BBB0CCB2491CA29A3DF03D6F92277A4F3574266507ACD77214D37ECA3F3082"
dependencies = [
  { id = "Sui", name = "Sui" },
]

[[move.package]]
id = "MoveStdlib"
source = { git = "https://github.com/MystenLabs/sui.git", rev = "framework/devnet", subdir = "crates/sui-framework/packages/move-stdlib" }

[[move.package]]
id = "Sui"
source = { git = "https://github.com/MystenLabs/sui.git", rev = "framework/devnet", subdir = "crates/sui-framework/packages/sui-framework" }

dependencies = [
  { id = "MoveStdlib", name = "MoveStdlib" },
]

[move.toolchain-version]
compiler-version = "1.42.0"
edition = "2024.beta"
flavor = "sui"

[env]

[env.devnet]
chain-id = "3f2108a2"
original-published-id = "0xa3c79bb9c853521d792383186b3b4bb41ad38a764cb7f959763fa71b07a57eab"
latest-published-id = "0xa3c79bb9c853521d792383186b3b4bb41ad38a764cb7f959763fa71b07a57eab"
published-version = "1"
