# @generated by Move, please check-in and do not edit manually.

[move]
version = 3
manifest_digest = "ED8E02F3BAA177E30ED58083BAD0B87A059B6412A5ADE8A9643EB728516A7C30"
deps_digest = "F8BBB0CCB2491CA29A3DF03D6F92277A4F3574266507ACD77214D37ECA3F3082"
dependencies = [
  { id = "Sui", name = "Sui" },
]

[[move.package]]
id = "MoveStdlib"
source = { git = "https://github.com/MystenLabs/sui.git", rev = "framework/testnet", subdir = "crates/sui-framework/packages/move-stdlib" }

[[move.package]]
id = "Sui"
source = { git = "https://github.com/MystenLabs/sui.git", rev = "framework/testnet", subdir = "crates/sui-framework/packages/sui-framework" }

dependencies = [
  { id = "MoveStdlib", name = "MoveStdlib" },
]

[move.toolchain-version]
compiler-version = "1.39.3"
edition = "2024.beta"
flavor = "sui"

[env]

[env.testnet]
chain-id = "4c78adac"
original-published-id = "0xe47b867c5383eb363abdb5d7762f1b64641c37e9b24c295fbba49f56e719671f"
latest-published-id = "0xe47b867c5383eb363abdb5d7762f1b64641c37e9b24c295fbba49f56e719671f"
published-version = "1"
