# @generated by Move, please check-in and do not edit manually.

[move]
version = 3
manifest_digest = "52664DA431D121453DE4A63E2A2EEFD5594CFC5E814D55AE51888BE5A9230629"
deps_digest = "F8BBB0CCB2491CA29A3DF03D6F92277A4F3574266507ACD77214D37ECA3F3082"
dependencies = [
  { id = "Sui", name = "Sui" },
]

[[move.package]]
id = "MoveStdlib"
source = { git = "https://github.com/MystenLabs/sui.git", rev = "framework/testnet", subdir = "crates\\sui-framework\\packages\\move-stdlib" }

[[move.package]]
id = "Sui"
source = { git = "https://github.com/MystenLabs/sui.git", rev = "framework/testnet", subdir = "crates/sui-framework/packages/sui-framework" }

dependencies = [
  { id = "MoveStdlib", name = "MoveStdlib" },
]

[move.toolchain-version]
compiler-version = "1.39.1"
edition = "2024.beta"
flavor = "sui"

[env]

[env.testnet]
chain-id = "4c78adac"
original-published-id = "0xf325a049c6a91db19a12231835da1e8abc4f6c427c2bb94dfc1e592d872203ab"
latest-published-id = "0xf325a049c6a91db19a12231835da1e8abc4f6c427c2bb94dfc1e592d872203ab"
published-version = "1"
