# @generated by Move, please check-in and do not edit manually.

[move]
version = 3
manifest_digest = "3FEC9BA9FA4A98DA3DBA875F0F9DA52ABE2823A04383F0838343226DAC97EA15"
deps_digest = "060AD7E57DFB13104F21BE5F5C3759D03F0553FC3229247D9A7A6B45F50D03A3"
dependencies = [
  { id = "Sui", name = "Sui" },
  { id = "alvin_coin", name = "alvin_coin" },
  { id = "faucet_coin", name = "faucet_coin" },
]

[[move.package]]
id = "MoveStdlib"
source = { git = "https://github.com/MystenLabs/sui.git", rev = "framework/testnet", subdir = "crates/sui-framework/packages/move-stdlib" }

[[move.package]]
id = "Sui"
source = { git = "https://github.com/MystenLabs/sui.git", rev = "framework/testnet", subdir = "crates/sui-framework/packages/sui-framework" }

dependencies = [
  { id = "MoveStdlib", name = "MoveStdlib" },
]

[[move.package]]
id = "alvin_coin"
source = { local = "../task2/alvin_coin" }

dependencies = [
  { id = "Sui", name = "Sui" },
]

[[move.package]]
id = "faucet_coin"
source = { local = "../task2/faucet_coin" }

dependencies = [
  { id = "Sui", name = "Sui" },
]

[move.toolchain-version]
compiler-version = "1.39.3"
edition = "2024.beta"
flavor = "sui"

[env]

[env.devnet]
chain-id = "d4b9ca36"
original-published-id = "0x296baecab1fa26bd40d721c724d65173c878af7e4e543da448a3bc75cf5d3191"
latest-published-id = "0x296baecab1fa26bd40d721c724d65173c878af7e4e543da448a3bc75cf5d3191"
published-version = "1"
