# @generated by Move, please check-in and do not edit manually.

[move]
version = 3
manifest_digest = "0B1E406959AE2D2D9B09AEADA394719CC810E7A06236B2AA55511BDB625D27FB"
deps_digest = "F8BBB0CCB2491CA29A3DF03D6F92277A4F3574266507ACD77214D37ECA3F3082"
dependencies = [
  { id = "Sui", name = "Sui" },
]

[[move.package]]
id = "MoveStdlib"
source = { git = "https://github.com/MystenLabs/sui.git", rev = "framework/testnet", subdir = "crates/sui-framework/packages/move-stdlib" }

[[move.package]]
id = "Sui"
source = { git = "https://github.com/MystenLabs/sui.git", rev = "framework/testnet", subdir = "crates/sui-framework/packages/sui-framework" }

dependencies = [
  { id = "MoveStdlib", name = "MoveStdlib" },
]

[move.toolchain-version]
compiler-version = "1.38.3"
edition = "2024"
flavor = "sui"

[env]

[env.testnet]
chain-id = "4c78adac"
original-published-id = "0xaff42b826a75245dfa2d2bec862d489a6dbd702398c2d06981538b4515ef65fa"
latest-published-id = "0xaff42b826a75245dfa2d2bec862d489a6dbd702398c2d06981538b4515ef65fa"
published-version = "1"
